// !$*UTF8*$!
{
	archiveVersion = 1;
	classes = {
	};
	objectVersion = 50;
	objects = {

/* Begin PBXBuildFile section */
		27C7B5DFCA66189A2E8EB7C8 /* Pods_GSBTests.framework in Frameworks */ = {isa = PBXBuildFile; fileRef = 0FC6C17E202C6F2D0BCEEC99 /* Pods_GSBTests.framework */; };
		5470C718BE4B3567D54B45B1 /* Pods_GSB.framework in Frameworks */ = {isa = PBXBuildFile; fileRef = 4A93AF24E13DDF179FE727CB /* Pods_GSB.framework */; };
		AD5C02DF695CD858620A4A8A /* Pods_GSBUITests.framework in Frameworks */ = {isa = PBXBuildFile; fileRef = 4D53C36FB063EBD6BAFDAB37 /* Pods_GSBUITests.framework */; };
		BE0DB8C720C5FFFB00CF0E30 /* ProductViewController.swift in Sources */ = {isa = PBXBuildFile; fileRef = BE0DB8C620C5FFFB00CF0E30 /* ProductViewController.swift */; };
		BE0DB8C920C6023900CF0E30 /* ProductTableCell.swift in Sources */ = {isa = PBXBuildFile; fileRef = BE0DB8C820C6023900CF0E30 /* ProductTableCell.swift */; };
		BE608F2420C422FA00AC93A1 /* MenuViewController.swift in Sources */ = {isa = PBXBuildFile; fileRef = BE608F2320C422FA00AC93A1 /* MenuViewController.swift */; };
		BE9D5F1420C616D600F5D141 /* ManufacturerTableCell.swift in Sources */ = {isa = PBXBuildFile; fileRef = BE9D5F1320C616D600F5D141 /* ManufacturerTableCell.swift */; };
		BE9D5F1620C61AC800F5D141 /* Product.swift in Sources */ = {isa = PBXBuildFile; fileRef = BE9D5F1520C61AC800F5D141 /* Product.swift */; };
		BE9D5F1820C676DA00F5D141 /* ExpenseReport.swift in Sources */ = {isa = PBXBuildFile; fileRef = BE9D5F1720C676DA00F5D141 /* ExpenseReport.swift */; };
		BE9D5F1A20C67ABA00F5D141 /* ExpenseReportViewController.swift in Sources */ = {isa = PBXBuildFile; fileRef = BE9D5F1920C67ABA00F5D141 /* ExpenseReportViewController.swift */; };
		BE9D5F1C20C67B4A00F5D141 /* ExpenseReportTableCell.swift in Sources */ = {isa = PBXBuildFile; fileRef = BE9D5F1B20C67B4A00F5D141 /* ExpenseReportTableCell.swift */; };
		BEA8E25D20C54AFD00721976 /* ManufacturerViewController.swift in Sources */ = {isa = PBXBuildFile; fileRef = BEA8E25C20C54AFD00721976 /* ManufacturerViewController.swift */; };
		BEA8E26020C5532B00721976 /* Manufacturer.swift in Sources */ = {isa = PBXBuildFile; fileRef = BEA8E25F20C5532B00721976 /* Manufacturer.swift */; };
		BEE3EF9C20C3E1F80069C487 /* AppDelegate.swift in Sources */ = {isa = PBXBuildFile; fileRef = BEE3EF9B20C3E1F80069C487 /* AppDelegate.swift */; };
		BEE3EF9E20C3E1F80069C487 /* ViewController.swift in Sources */ = {isa = PBXBuildFile; fileRef = BEE3EF9D20C3E1F80069C487 /* ViewController.swift */; };
		BEE3EFA120C3E1F80069C487 /* Main.storyboard in Resources */ = {isa = PBXBuildFile; fileRef = BEE3EF9F20C3E1F80069C487 /* Main.storyboard */; };
		BEE3EFA420C3E1F80069C487 /* GSB.xcdatamodeld in Sources */ = {isa = PBXBuildFile; fileRef = BEE3EFA220C3E1F80069C487 /* GSB.xcdatamodeld */; };
		BEE3EFA620C3E1F90069C487 /* Assets.xcassets in Resources */ = {isa = PBXBuildFile; fileRef = BEE3EFA520C3E1F90069C487 /* Assets.xcassets */; };
		BEE3EFA920C3E1F90069C487 /* LaunchScreen.storyboard in Resources */ = {isa = PBXBuildFile; fileRef = BEE3EFA720C3E1F90069C487 /* LaunchScreen.storyboard */; };
		BEE3EFB420C3E1F90069C487 /* GSBTests.swift in Sources */ = {isa = PBXBuildFile; fileRef = BEE3EFB320C3E1F90069C487 /* GSBTests.swift */; };
		BEE3EFBF20C3E1F90069C487 /* GSBUITests.swift in Sources */ = {isa = PBXBuildFile; fileRef = BEE3EFBE20C3E1F90069C487 /* GSBUITests.swift */; };
/* End PBXBuildFile section */

/* Begin PBXContainerItemProxy section */
		BEE3EFB020C3E1F90069C487 /* PBXContainerItemProxy */ = {
			isa = PBXContainerItemProxy;
			containerPortal = BEE3EF9020C3E1F80069C487 /* Project object */;
			proxyType = 1;
			remoteGlobalIDString = BEE3EF9720C3E1F80069C487;
			remoteInfo = GSB;
		};
		BEE3EFBB20C3E1F90069C487 /* PBXContainerItemProxy */ = {
			isa = PBXContainerItemProxy;
			containerPortal = BEE3EF9020C3E1F80069C487 /* Project object */;
			proxyType = 1;
			remoteGlobalIDString = BEE3EF9720C3E1F80069C487;
			remoteInfo = GSB;
		};
/* End PBXContainerItemProxy section */

/* Begin PBXFileReference section */
		0FC6C17E202C6F2D0BCEEC99 /* Pods_GSBTests.framework */ = {isa = PBXFileReference; explicitFileType = wrapper.framework; includeInIndex = 0; path = Pods_GSBTests.framework; sourceTree = BUILT_PRODUCTS_DIR; };
		105CCCD5335FD622989B37CE /* Pods-GSBUITests.debug.xcconfig */ = {isa = PBXFileReference; includeInIndex = 1; lastKnownFileType = text.xcconfig; name = "Pods-GSBUITests.debug.xcconfig"; path = "Pods/Target Support Files/Pods-GSBUITests/Pods-GSBUITests.debug.xcconfig"; sourceTree = "<group>"; };
		3ABBF8379B78EF345873ACA0 /* Pods-GSBUITests.release.xcconfig */ = {isa = PBXFileReference; includeInIndex = 1; lastKnownFileType = text.xcconfig; name = "Pods-GSBUITests.release.xcconfig"; path = "Pods/Target Support Files/Pods-GSBUITests/Pods-GSBUITests.release.xcconfig"; sourceTree = "<group>"; };
		4A93AF24E13DDF179FE727CB /* Pods_GSB.framework */ = {isa = PBXFileReference; explicitFileType = wrapper.framework; includeInIndex = 0; path = Pods_GSB.framework; sourceTree = BUILT_PRODUCTS_DIR; };
		4D53C36FB063EBD6BAFDAB37 /* Pods_GSBUITests.framework */ = {isa = PBXFileReference; explicitFileType = wrapper.framework; includeInIndex = 0; path = Pods_GSBUITests.framework; sourceTree = BUILT_PRODUCTS_DIR; };
		6CA2229B807425F88DDD324E /* Pods-GSB.release.xcconfig */ = {isa = PBXFileReference; includeInIndex = 1; lastKnownFileType = text.xcconfig; name = "Pods-GSB.release.xcconfig"; path = "Pods/Target Support Files/Pods-GSB/Pods-GSB.release.xcconfig"; sourceTree = "<group>"; };
		7FC271F477296FBBFC246522 /* Pods-GSBTests.release.xcconfig */ = {isa = PBXFileReference; includeInIndex = 1; lastKnownFileType = text.xcconfig; name = "Pods-GSBTests.release.xcconfig"; path = "Pods/Target Support Files/Pods-GSBTests/Pods-GSBTests.release.xcconfig"; sourceTree = "<group>"; };
		9F649DC326791F76FE188E2C /* Pods-GSB.debug.xcconfig */ = {isa = PBXFileReference; includeInIndex = 1; lastKnownFileType = text.xcconfig; name = "Pods-GSB.debug.xcconfig"; path = "Pods/Target Support Files/Pods-GSB/Pods-GSB.debug.xcconfig"; sourceTree = "<group>"; };
		BE0DB8C620C5FFFB00CF0E30 /* ProductViewController.swift */ = {isa = PBXFileReference; lastKnownFileType = sourcecode.swift; path = ProductViewController.swift; sourceTree = "<group>"; };
		BE0DB8C820C6023900CF0E30 /* ProductTableCell.swift */ = {isa = PBXFileReference; lastKnownFileType = sourcecode.swift; path = ProductTableCell.swift; sourceTree = "<group>"; };
		BE608F2320C422FA00AC93A1 /* MenuViewController.swift */ = {isa = PBXFileReference; lastKnownFileType = sourcecode.swift; path = MenuViewController.swift; sourceTree = "<group>"; };
		BE9D5F1320C616D600F5D141 /* ManufacturerTableCell.swift */ = {isa = PBXFileReference; lastKnownFileType = sourcecode.swift; path = ManufacturerTableCell.swift; sourceTree = "<group>"; };
		BE9D5F1520C61AC800F5D141 /* Product.swift */ = {isa = PBXFileReference; lastKnownFileType = sourcecode.swift; path = Product.swift; sourceTree = "<group>"; };
		BE9D5F1720C676DA00F5D141 /* ExpenseReport.swift */ = {isa = PBXFileReference; lastKnownFileType = sourcecode.swift; path = ExpenseReport.swift; sourceTree = "<group>"; };
		BE9D5F1920C67ABA00F5D141 /* ExpenseReportViewController.swift */ = {isa = PBXFileReference; lastKnownFileType = sourcecode.swift; path = ExpenseReportViewController.swift; sourceTree = "<group>"; };
		BE9D5F1B20C67B4A00F5D141 /* ExpenseReportTableCell.swift */ = {isa = PBXFileReference; lastKnownFileType = sourcecode.swift; path = ExpenseReportTableCell.swift; sourceTree = "<group>"; };
		BEA8E25C20C54AFD00721976 /* ManufacturerViewController.swift */ = {isa = PBXFileReference; lastKnownFileType = sourcecode.swift; path = ManufacturerViewController.swift; sourceTree = "<group>"; };
		BEA8E25F20C5532B00721976 /* Manufacturer.swift */ = {isa = PBXFileReference; lastKnownFileType = sourcecode.swift; path = Manufacturer.swift; sourceTree = "<group>"; };
		BEE3EF9820C3E1F80069C487 /* GSB.app */ = {isa = PBXFileReference; explicitFileType = wrapper.application; includeInIndex = 0; path = GSB.app; sourceTree = BUILT_PRODUCTS_DIR; };
		BEE3EF9B20C3E1F80069C487 /* AppDelegate.swift */ = {isa = PBXFileReference; lastKnownFileType = sourcecode.swift; path = AppDelegate.swift; sourceTree = "<group>"; };
		BEE3EF9D20C3E1F80069C487 /* ViewController.swift */ = {isa = PBXFileReference; lastKnownFileType = sourcecode.swift; path = ViewController.swift; sourceTree = "<group>"; };
		BEE3EFA020C3E1F80069C487 /* Base */ = {isa = PBXFileReference; lastKnownFileType = file.storyboard; name = Base; path = Base.lproj/Main.storyboard; sourceTree = "<group>"; };
		BEE3EFA320C3E1F80069C487 /* GSB.xcdatamodel */ = {isa = PBXFileReference; lastKnownFileType = wrapper.xcdatamodel; path = GSB.xcdatamodel; sourceTree = "<group>"; };
		BEE3EFA520C3E1F90069C487 /* Assets.xcassets */ = {isa = PBXFileReference; lastKnownFileType = folder.assetcatalog; path = Assets.xcassets; sourceTree = "<group>"; };
		BEE3EFA820C3E1F90069C487 /* Base */ = {isa = PBXFileReference; lastKnownFileType = file.storyboard; name = Base; path = Base.lproj/LaunchScreen.storyboard; sourceTree = "<group>"; };
		BEE3EFAA20C3E1F90069C487 /* Info.plist */ = {isa = PBXFileReference; lastKnownFileType = text.plist.xml; path = Info.plist; sourceTree = "<group>"; };
		BEE3EFAF20C3E1F90069C487 /* GSBTests.xctest */ = {isa = PBXFileReference; explicitFileType = wrapper.cfbundle; includeInIndex = 0; path = GSBTests.xctest; sourceTree = BUILT_PRODUCTS_DIR; };
		BEE3EFB320C3E1F90069C487 /* GSBTests.swift */ = {isa = PBXFileReference; lastKnownFileType = sourcecode.swift; path = GSBTests.swift; sourceTree = "<group>"; };
		BEE3EFB520C3E1F90069C487 /* Info.plist */ = {isa = PBXFileReference; lastKnownFileType = text.plist.xml; path = Info.plist; sourceTree = "<group>"; };
		BEE3EFBA20C3E1F90069C487 /* GSBUITests.xctest */ = {isa = PBXFileReference; explicitFileType = wrapper.cfbundle; includeInIndex = 0; path = GSBUITests.xctest; sourceTree = BUILT_PRODUCTS_DIR; };
		BEE3EFBE20C3E1F90069C487 /* GSBUITests.swift */ = {isa = PBXFileReference; lastKnownFileType = sourcecode.swift; path = GSBUITests.swift; sourceTree = "<group>"; };
		BEE3EFC020C3E1F90069C487 /* Info.plist */ = {isa = PBXFileReference; lastKnownFileType = text.plist.xml; path = Info.plist; sourceTree = "<group>"; };
		CC25CEC75A983D1DFBCAC0E6 /* Pods-GSBTests.debug.xcconfig */ = {isa = PBXFileReference; includeInIndex = 1; lastKnownFileType = text.xcconfig; name = "Pods-GSBTests.debug.xcconfig"; path = "Pods/Target Support Files/Pods-GSBTests/Pods-GSBTests.debug.xcconfig"; sourceTree = "<group>"; };
/* End PBXFileReference section */

/* Begin PBXFrameworksBuildPhase section */
		BEE3EF9520C3E1F80069C487 /* Frameworks */ = {
			isa = PBXFrameworksBuildPhase;
			buildActionMask = 2147483647;
			files = (
				5470C718BE4B3567D54B45B1 /* Pods_GSB.framework in Frameworks */,
			);
			runOnlyForDeploymentPostprocessing = 0;
		};
		BEE3EFAC20C3E1F90069C487 /* Frameworks */ = {
			isa = PBXFrameworksBuildPhase;
			buildActionMask = 2147483647;
			files = (
				27C7B5DFCA66189A2E8EB7C8 /* Pods_GSBTests.framework in Frameworks */,
			);
			runOnlyForDeploymentPostprocessing = 0;
		};
		BEE3EFB720C3E1F90069C487 /* Frameworks */ = {
			isa = PBXFrameworksBuildPhase;
			buildActionMask = 2147483647;
			files = (
				AD5C02DF695CD858620A4A8A /* Pods_GSBUITests.framework in Frameworks */,
			);
			runOnlyForDeploymentPostprocessing = 0;
		};
/* End PBXFrameworksBuildPhase section */

/* Begin PBXGroup section */
		68B37E70A771235269C7ACC9 /* Frameworks */ = {
			isa = PBXGroup;
			children = (
				4A93AF24E13DDF179FE727CB /* Pods_GSB.framework */,
				0FC6C17E202C6F2D0BCEEC99 /* Pods_GSBTests.framework */,
				4D53C36FB063EBD6BAFDAB37 /* Pods_GSBUITests.framework */,
			);
			name = Frameworks;
			sourceTree = "<group>";
		};
		6A2A0ACFA2DACB683DD7E2F9 /* Pods */ = {
			isa = PBXGroup;
			children = (
				9F649DC326791F76FE188E2C /* Pods-GSB.debug.xcconfig */,
				6CA2229B807425F88DDD324E /* Pods-GSB.release.xcconfig */,
				CC25CEC75A983D1DFBCAC0E6 /* Pods-GSBTests.debug.xcconfig */,
				7FC271F477296FBBFC246522 /* Pods-GSBTests.release.xcconfig */,
				105CCCD5335FD622989B37CE /* Pods-GSBUITests.debug.xcconfig */,
				3ABBF8379B78EF345873ACA0 /* Pods-GSBUITests.release.xcconfig */,
			);
			name = Pods;
			sourceTree = "<group>";
		};
		BEA8E25E20C5531800721976 /* Model */ = {
			isa = PBXGroup;
			children = (
				BEA8E25F20C5532B00721976 /* Manufacturer.swift */,
				BE9D5F1520C61AC800F5D141 /* Product.swift */,
				BE9D5F1720C676DA00F5D141 /* ExpenseReport.swift */,
			);
			path = Model;
			sourceTree = "<group>";
		};
		BEE3EF8F20C3E1F80069C487 = {
			isa = PBXGroup;
			children = (
				BEE3EF9A20C3E1F80069C487 /* GSB */,
				BEE3EFB220C3E1F90069C487 /* GSBTests */,
				BEE3EFBD20C3E1F90069C487 /* GSBUITests */,
				BEE3EF9920C3E1F80069C487 /* Products */,
				6A2A0ACFA2DACB683DD7E2F9 /* Pods */,
				68B37E70A771235269C7ACC9 /* Frameworks */,
			);
			sourceTree = "<group>";
		};
		BEE3EF9920C3E1F80069C487 /* Products */ = {
			isa = PBXGroup;
			children = (
				BEE3EF9820C3E1F80069C487 /* GSB.app */,
				BEE3EFAF20C3E1F90069C487 /* GSBTests.xctest */,
				BEE3EFBA20C3E1F90069C487 /* GSBUITests.xctest */,
			);
			name = Products;
			sourceTree = "<group>";
		};
		BEE3EF9A20C3E1F80069C487 /* GSB */ = {
			isa = PBXGroup;
			children = (
				BEA8E25E20C5531800721976 /* Model */,
				BEE3EFAA20C3E1F90069C487 /* Info.plist */,
				BEE3EF9B20C3E1F80069C487 /* AppDelegate.swift */,
				BE608F2320C422FA00AC93A1 /* MenuViewController.swift */,
				BEE3EF9D20C3E1F80069C487 /* ViewController.swift */,
				BEE3EFA520C3E1F90069C487 /* Assets.xcassets */,
				BEE3EFA220C3E1F80069C487 /* GSB.xcdatamodeld */,
				BEE3EFA720C3E1F90069C487 /* LaunchScreen.storyboard */,
				BEE3EF9F20C3E1F80069C487 /* Main.storyboard */,
				BEA8E25C20C54AFD00721976 /* ManufacturerViewController.swift */,
				BE0DB8C620C5FFFB00CF0E30 /* ProductViewController.swift */,
				BE0DB8C820C6023900CF0E30 /* ProductTableCell.swift */,
				BE9D5F1320C616D600F5D141 /* ManufacturerTableCell.swift */,
				BE9D5F1920C67ABA00F5D141 /* ExpenseReportViewController.swift */,
				BE9D5F1B20C67B4A00F5D141 /* ExpenseReportTableCell.swift */,
			);
			path = GSB;
			sourceTree = "<group>";
		};
		BEE3EFB220C3E1F90069C487 /* GSBTests */ = {
			isa = PBXGroup;
			children = (
				BEE3EFB320C3E1F90069C487 /* GSBTests.swift */,
				BEE3EFB520C3E1F90069C487 /* Info.plist */,
			);
			path = GSBTests;
			sourceTree = "<group>";
		};
		BEE3EFBD20C3E1F90069C487 /* GSBUITests */ = {
			isa = PBXGroup;
			children = (
				BEE3EFBE20C3E1F90069C487 /* GSBUITests.swift */,
				BEE3EFC020C3E1F90069C487 /* Info.plist */,
			);
			path = GSBUITests;
			sourceTree = "<group>";
		};
/* End PBXGroup section */

/* Begin PBXNativeTarget section */
		BEE3EF9720C3E1F80069C487 /* GSB */ = {
			isa = PBXNativeTarget;
			buildConfigurationList = BEE3EFC320C3E1F90069C487 /* Build configuration list for PBXNativeTarget "GSB" */;
			buildPhases = (
				8C758F324663411776D83654 /* [CP] Check Pods Manifest.lock */,
				BEE3EF9420C3E1F80069C487 /* Sources */,
				BEE3EF9520C3E1F80069C487 /* Frameworks */,
				BEE3EF9620C3E1F80069C487 /* Resources */,
				09FD1D23A7DC7841BA873C3C /* [CP] Embed Pods Frameworks */,
			);
			buildRules = (
			);
			dependencies = (
			);
			name = GSB;
			productName = GSB;
			productReference = BEE3EF9820C3E1F80069C487 /* GSB.app */;
			productType = "com.apple.product-type.application";
		};
		BEE3EFAE20C3E1F90069C487 /* GSBTests */ = {
			isa = PBXNativeTarget;
			buildConfigurationList = BEE3EFC620C3E1F90069C487 /* Build configuration list for PBXNativeTarget "GSBTests" */;
			buildPhases = (
				CDF875C14B3F9B27C2F17F12 /* [CP] Check Pods Manifest.lock */,
				BEE3EFAB20C3E1F90069C487 /* Sources */,
				BEE3EFAC20C3E1F90069C487 /* Frameworks */,
				BEE3EFAD20C3E1F90069C487 /* Resources */,
			);
			buildRules = (
			);
			dependencies = (
				BEE3EFB120C3E1F90069C487 /* PBXTargetDependency */,
			);
			name = GSBTests;
			productName = GSBTests;
			productReference = BEE3EFAF20C3E1F90069C487 /* GSBTests.xctest */;
			productType = "com.apple.product-type.bundle.unit-test";
		};
		BEE3EFB920C3E1F90069C487 /* GSBUITests */ = {
			isa = PBXNativeTarget;
			buildConfigurationList = BEE3EFC920C3E1F90069C487 /* Build configuration list for PBXNativeTarget "GSBUITests" */;
			buildPhases = (
				07A1DAD7EA94120142C923E4 /* [CP] Check Pods Manifest.lock */,
				BEE3EFB620C3E1F90069C487 /* Sources */,
				BEE3EFB720C3E1F90069C487 /* Frameworks */,
				BEE3EFB820C3E1F90069C487 /* Resources */,
			);
			buildRules = (
			);
			dependencies = (
				BEE3EFBC20C3E1F90069C487 /* PBXTargetDependency */,
			);
			name = GSBUITests;
			productName = GSBUITests;
			productReference = BEE3EFBA20C3E1F90069C487 /* GSBUITests.xctest */;
			productType = "com.apple.product-type.bundle.ui-testing";
		};
/* End PBXNativeTarget section */

/* Begin PBXProject section */
		BEE3EF9020C3E1F80069C487 /* Project object */ = {
			isa = PBXProject;
			attributes = {
				LastSwiftUpdateCheck = 0940;
				LastUpgradeCheck = 0940;
				ORGANIZATIONNAME = "Galaxy Swiss Bourdin";
				TargetAttributes = {
					BEE3EF9720C3E1F80069C487 = {
						CreatedOnToolsVersion = 9.4;
					};
					BEE3EFAE20C3E1F90069C487 = {
						CreatedOnToolsVersion = 9.4;
						TestTargetID = BEE3EF9720C3E1F80069C487;
					};
					BEE3EFB920C3E1F90069C487 = {
						CreatedOnToolsVersion = 9.4;
						TestTargetID = BEE3EF9720C3E1F80069C487;
					};
				};
			};
			buildConfigurationList = BEE3EF9320C3E1F80069C487 /* Build configuration list for PBXProject "GSB" */;
			compatibilityVersion = "Xcode 9.3";
			developmentRegion = en;
			hasScannedForEncodings = 0;
			knownRegions = (
				en,
				Base,
			);
			mainGroup = BEE3EF8F20C3E1F80069C487;
			productRefGroup = BEE3EF9920C3E1F80069C487 /* Products */;
			projectDirPath = "";
			projectRoot = "";
			targets = (
				BEE3EF9720C3E1F80069C487 /* GSB */,
				BEE3EFAE20C3E1F90069C487 /* GSBTests */,
				BEE3EFB920C3E1F90069C487 /* GSBUITests */,
			);
		};
/* End PBXProject section */

/* Begin PBXResourcesBuildPhase section */
		BEE3EF9620C3E1F80069C487 /* Resources */ = {
			isa = PBXResourcesBuildPhase;
			buildActionMask = 2147483647;
			files = (
				BEE3EFA920C3E1F90069C487 /* LaunchScreen.storyboard in Resources */,
				BEE3EFA620C3E1F90069C487 /* Assets.xcassets in Resources */,
				BEE3EFA120C3E1F80069C487 /* Main.storyboard in Resources */,
			);
			runOnlyForDeploymentPostprocessing = 0;
		};
		BEE3EFAD20C3E1F90069C487 /* Resources */ = {
			isa = PBXResourcesBuildPhase;
			buildActionMask = 2147483647;
			files = (
			);
			runOnlyForDeploymentPostprocessing = 0;
		};
		BEE3EFB820C3E1F90069C487 /* Resources */ = {
			isa = PBXResourcesBuildPhase;
			buildActionMask = 2147483647;
			files = (
			);
			runOnlyForDeploymentPostprocessing = 0;
		};
/* End PBXResourcesBuildPhase section */

/* Begin PBXShellScriptBuildPhase section */
		07A1DAD7EA94120142C923E4 /* [CP] Check Pods Manifest.lock */ = {
			isa = PBXShellScriptBuildPhase;
			buildActionMask = 2147483647;
			files = (
			);
			inputPaths = (
				"${PODS_PODFILE_DIR_PATH}/Podfile.lock",
				"${PODS_ROOT}/Manifest.lock",
			);
			name = "[CP] Check Pods Manifest.lock";
			outputPaths = (
				"$(DERIVED_FILE_DIR)/Pods-GSBUITests-checkManifestLockResult.txt",
			);
			runOnlyForDeploymentPostprocessing = 0;
			shellPath = /bin/sh;
			shellScript = "diff \"${PODS_PODFILE_DIR_PATH}/Podfile.lock\" \"${PODS_ROOT}/Manifest.lock\" > /dev/null\nif [ $? != 0 ] ; then\n    # print error to STDERR\n    echo \"error: The sandbox is not in sync with the Podfile.lock. Run 'pod install' or update your CocoaPods installation.\" >&2\n    exit 1\nfi\n# This output is used by Xcode 'outputs' to avoid re-running this script phase.\necho \"SUCCESS\" > \"${SCRIPT_OUTPUT_FILE_0}\"\n";
			showEnvVarsInLog = 0;
		};
		09FD1D23A7DC7841BA873C3C /* [CP] Embed Pods Frameworks */ = {
			isa = PBXShellScriptBuildPhase;
			buildActionMask = 2147483647;
			files = (
			);
			inputPaths = (
				"${SRCROOT}/Pods/Target Support Files/Pods-GSB/Pods-GSB-frameworks.sh",
				"${BUILT_PRODUCTS_DIR}/Alamofire/Alamofire.framework",
				"${BUILT_PRODUCTS_DIR}/Alamofire-Synchronous/Alamofire_Synchronous.framework",
				"${BUILT_PRODUCTS_DIR}/SwiftyJSON/SwiftyJSON.framework",
			);
			name = "[CP] Embed Pods Frameworks";
			outputPaths = (
				"${TARGET_BUILD_DIR}/${FRAMEWORKS_FOLDER_PATH}/Alamofire.framework",
				"${TARGET_BUILD_DIR}/${FRAMEWORKS_FOLDER_PATH}/Alamofire_Synchronous.framework",
				"${TARGET_BUILD_DIR}/${FRAMEWORKS_FOLDER_PATH}/SwiftyJSON.framework",
			);
			runOnlyForDeploymentPostprocessing = 0;
			shellPath = /bin/sh;
			shellScript = "\"${SRCROOT}/Pods/Target Support Files/Pods-GSB/Pods-GSB-frameworks.sh\"\n";
			showEnvVarsInLog = 0;
		};
		8C758F324663411776D83654 /* [CP] Check Pods Manifest.lock */ = {
			isa = PBXShellScriptBuildPhase;
			buildActionMask = 2147483647;
			files = (
			);
			inputPaths = (
				"${PODS_PODFILE_DIR_PATH}/Podfile.lock",
				"${PODS_ROOT}/Manifest.lock",
			);
			name = "[CP] Check Pods Manifest.lock";
			outputPaths = (
				"$(DERIVED_FILE_DIR)/Pods-GSB-checkManifestLockResult.txt",
			);
			runOnlyForDeploymentPostprocessing = 0;
			shellPath = /bin/sh;
			shellScript = "diff \"${PODS_PODFILE_DIR_PATH}/Podfile.lock\" \"${PODS_ROOT}/Manifest.lock\" > /dev/null\nif [ $? != 0 ] ; then\n    # print error to STDERR\n    echo \"error: The sandbox is not in sync with the Podfile.lock. Run 'pod install' or update your CocoaPods installation.\" >&2\n    exit 1\nfi\n# This output is used by Xcode 'outputs' to avoid re-running this script phase.\necho \"SUCCESS\" > \"${SCRIPT_OUTPUT_FILE_0}\"\n";
			showEnvVarsInLog = 0;
		};
		CDF875C14B3F9B27C2F17F12 /* [CP] Check Pods Manifest.lock */ = {
			isa = PBXShellScriptBuildPhase;
			buildActionMask = 2147483647;
			files = (
			);
			inputPaths = (
				"${PODS_PODFILE_DIR_PATH}/Podfile.lock",
				"${PODS_ROOT}/Manifest.lock",
			);
			name = "[CP] Check Pods Manifest.lock";
			outputPaths = (
				"$(DERIVED_FILE_DIR)/Pods-GSBTests-checkManifestLockResult.txt",
			);
			runOnlyForDeploymentPostprocessing = 0;
			shellPath = /bin/sh;
			shellScript = "diff \"${PODS_PODFILE_DIR_PATH}/Podfile.lock\" \"${PODS_ROOT}/Manifest.lock\" > /dev/null\nif [ $? != 0 ] ; then\n    # print error to STDERR\n    echo \"error: The sandbox is not in sync with the Podfile.lock. Run 'pod install' or update your CocoaPods installation.\" >&2\n    exit 1\nfi\n# This output is used by Xcode 'outputs' to avoid re-running this script phase.\necho \"SUCCESS\" > \"${SCRIPT_OUTPUT_FILE_0}\"\n";
			showEnvVarsInLog = 0;
		};
/* End PBXShellScriptBuildPhase section */

/* Begin PBXSourcesBuildPhase section */
		BEE3EF9420C3E1F80069C487 /* Sources */ = {
			isa = PBXSourcesBuildPhase;
			buildActionMask = 2147483647;
			files = (
				BE9D5F1420C616D600F5D141 /* ManufacturerTableCell.swift in Sources */,
				BEE3EFA420C3E1F80069C487 /* GSB.xcdatamodeld in Sources */,
				BEE3EF9E20C3E1F80069C487 /* ViewController.swift in Sources */,
				BEA8E26020C5532B00721976 /* Manufacturer.swift in Sources */,
				BEE3EF9C20C3E1F80069C487 /* AppDelegate.swift in Sources */,
				BEA8E25D20C54AFD00721976 /* ManufacturerViewController.swift in Sources */,
				BE0DB8C920C6023900CF0E30 /* ProductTableCell.swift in Sources */,
				BE9D5F1820C676DA00F5D141 /* ExpenseReport.swift in Sources */,
				BE9D5F1C20C67B4A00F5D141 /* ExpenseReportTableCell.swift in Sources */,
				BE9D5F1620C61AC800F5D141 /* Product.swift in Sources */,
				BE9D5F1A20C67ABA00F5D141 /* ExpenseReportViewController.swift in Sources */,
				BE0DB8C720C5FFFB00CF0E30 /* ProductViewController.swift in Sources */,
				BE608F2420C422FA00AC93A1 /* MenuViewController.swift in Sources */,
			);
			runOnlyForDeploymentPostprocessing = 0;
		};
		BEE3EFAB20C3E1F90069C487 /* Sources */ = {
			isa = PBXSourcesBuildPhase;
			buildActionMask = 2147483647;
			files = (
				BEE3EFB420C3E1F90069C487 /* GSBTests.swift in Sources */,
			);
			runOnlyForDeploymentPostprocessing = 0;
		};
		BEE3EFB620C3E1F90069C487 /* Sources */ = {
			isa = PBXSourcesBuildPhase;
			buildActionMask = 2147483647;
			files = (
				BEE3EFBF20C3E1F90069C487 /* GSBUITests.swift in Sources */,
			);
			runOnlyForDeploymentPostprocessing = 0;
		};
/* End PBXSourcesBuildPhase section */

/* Begin PBXTargetDependency section */
		BEE3EFB120C3E1F90069C487 /* PBXTargetDependency */ = {
			isa = PBXTargetDependency;
			target = BEE3EF9720C3E1F80069C487 /* GSB */;
			targetProxy = BEE3EFB020C3E1F90069C487 /* PBXContainerItemProxy */;
		};
		BEE3EFBC20C3E1F90069C487 /* PBXTargetDependency */ = {
			isa = PBXTargetDependency;
			target = BEE3EF9720C3E1F80069C487 /* GSB */;
			targetProxy = BEE3EFBB20C3E1F90069C487 /* PBXContainerItemProxy */;
		};
/* End PBXTargetDependency section */

/* Begin PBXVariantGroup section */
		BEE3EF9F20C3E1F80069C487 /* Main.storyboard */ = {
			isa = PBXVariantGroup;
			children = (
				BEE3EFA020C3E1F80069C487 /* Base */,
			);
			name = Main.storyboard;
			sourceTree = "<group>";
		};
		BEE3EFA720C3E1F90069C487 /* LaunchScreen.storyboard */ = {
			isa = PBXVariantGroup;
			children = (
				BEE3EFA820C3E1F90069C487 /* Base */,
			);
			name = LaunchScreen.storyboard;
			sourceTree = "<group>";
		};
/* End PBXVariantGroup section */

/* Begin XCBuildConfiguration section */
		BEE3EFC120C3E1F90069C487 /* Debug */ = {
			isa = XCBuildConfiguration;
			buildSettings = {
				ALWAYS_SEARCH_USER_PATHS = NO;
				CLANG_ANALYZER_NONNULL = YES;
				CLANG_ANALYZER_NUMBER_OBJECT_CONVERSION = YES_AGGRESSIVE;
				CLANG_CXX_LANGUAGE_STANDARD = "gnu++14";
				CLANG_CXX_LIBRARY = "libc++";
				CLANG_ENABLE_MODULES = YES;
				CLANG_ENABLE_OBJC_ARC = YES;
				CLANG_ENABLE_OBJC_WEAK = YES;
				CLANG_WARN_BLOCK_CAPTURE_AUTORELEASING = YES;
				CLANG_WARN_BOOL_CONVERSION = YES;
				CLANG_WARN_COMMA = YES;
				CLANG_WARN_CONSTANT_CONVERSION = YES;
				CLANG_WARN_DEPRECATED_OBJC_IMPLEMENTATIONS = YES;
				CLANG_WARN_DIRECT_OBJC_ISA_USAGE = YES_ERROR;
				CLANG_WARN_DOCUMENTATION_COMMENTS = YES;
				CLANG_WARN_EMPTY_BODY = YES;
				CLANG_WARN_ENUM_CONVERSION = YES;
				CLANG_WARN_INFINITE_RECURSION = YES;
				CLANG_WARN_INT_CONVERSION = YES;
				CLANG_WARN_NON_LITERAL_NULL_CONVERSION = YES;
				CLANG_WARN_OBJC_IMPLICIT_RETAIN_SELF = YES;
				CLANG_WARN_OBJC_LITERAL_CONVERSION = YES;
				CLANG_WARN_OBJC_ROOT_CLASS = YES_ERROR;
				CLANG_WARN_RANGE_LOOP_ANALYSIS = YES;
				CLANG_WARN_STRICT_PROTOTYPES = YES;
				CLANG_WARN_SUSPICIOUS_MOVE = YES;
				CLANG_WARN_UNGUARDED_AVAILABILITY = YES_AGGRESSIVE;
				CLANG_WARN_UNREACHABLE_CODE = YES;
				CLANG_WARN__DUPLICATE_METHOD_MATCH = YES;
				CODE_SIGN_IDENTITY = "iPhone Developer";
				COPY_PHASE_STRIP = NO;
				DEBUG_INFORMATION_FORMAT = dwarf;
				ENABLE_STRICT_OBJC_MSGSEND = YES;
				ENABLE_TESTABILITY = YES;
				GCC_C_LANGUAGE_STANDARD = gnu11;
				GCC_DYNAMIC_NO_PIC = NO;
				GCC_NO_COMMON_BLOCKS = YES;
				GCC_OPTIMIZATION_LEVEL = 0;
				GCC_PREPROCESSOR_DEFINITIONS = (
					"DEBUG=1",
					"$(inherited)",
				);
				GCC_WARN_64_TO_32_BIT_CONVERSION = YES;
				GCC_WARN_ABOUT_RETURN_TYPE = YES_ERROR;
				GCC_WARN_UNDECLARED_SELECTOR = YES;
				GCC_WARN_UNINITIALIZED_AUTOS = YES_AGGRESSIVE;
				GCC_WARN_UNUSED_FUNCTION = YES;
				GCC_WARN_UNUSED_VARIABLE = YES;
				IPHONEOS_DEPLOYMENT_TARGET = 11.4;
				MTL_ENABLE_DEBUG_INFO = YES;
				ONLY_ACTIVE_ARCH = YES;
				SDKROOT = iphoneos;
				SWIFT_ACTIVE_COMPILATION_CONDITIONS = DEBUG;
				SWIFT_OPTIMIZATION_LEVEL = "-Onone";
			};
			name = Debug;
		};
		BEE3EFC220C3E1F90069C487 /* Release */ = {
			isa = XCBuildConfiguration;
			buildSettings = {
				ALWAYS_SEARCH_USER_PATHS = NO;
				CLANG_ANALYZER_NONNULL = YES;
				CLANG_ANALYZER_NUMBER_OBJECT_CONVERSION = YES_AGGRESSIVE;
				CLANG_CXX_LANGUAGE_STANDARD = "gnu++14";
				CLANG_CXX_LIBRARY = "libc++";
				CLANG_ENABLE_MODULES = YES;
				CLANG_ENABLE_OBJC_ARC = YES;
				CLANG_ENABLE_OBJC_WEAK = YES;
				CLANG_WARN_BLOCK_CAPTURE_AUTORELEASING = YES;
				CLANG_WARN_BOOL_CONVERSION = YES;
				CLANG_WARN_COMMA = YES;
				CLANG_WARN_CONSTANT_CONVERSION = YES;
				CLANG_WARN_DEPRECATED_OBJC_IMPLEMENTATIONS = YES;
				CLANG_WARN_DIRECT_OBJC_ISA_USAGE = YES_ERROR;
				CLANG_WARN_DOCUMENTATION_COMMENTS = YES;
				CLANG_WARN_EMPTY_BODY = YES;
				CLANG_WARN_ENUM_CONVERSION = YES;
				CLANG_WARN_INFINITE_RECURSION = YES;
				CLANG_WARN_INT_CONVERSION = YES;
				CLANG_WARN_NON_LITERAL_NULL_CONVERSION = YES;
				CLANG_WARN_OBJC_IMPLICIT_RETAIN_SELF = YES;
				CLANG_WARN_OBJC_LITERAL_CONVERSION = YES;
				CLANG_WARN_OBJC_ROOT_CLASS = YES_ERROR;
				CLANG_WARN_RANGE_LOOP_ANALYSIS = YES;
				CLANG_WARN_STRICT_PROTOTYPES = YES;
				CLANG_WARN_SUSPICIOUS_MOVE = YES;
				CLANG_WARN_UNGUARDED_AVAILABILITY = YES_AGGRESSIVE;
				CLANG_WARN_UNREACHABLE_CODE = YES;
				CLANG_WARN__DUPLICATE_METHOD_MATCH = YES;
				CODE_SIGN_IDENTITY = "iPhone Developer";
				COPY_PHASE_STRIP = NO;
				DEBUG_INFORMATION_FORMAT = "dwarf-with-dsym";
				ENABLE_NS_ASSERTIONS = NO;
				ENABLE_STRICT_OBJC_MSGSEND = YES;
				GCC_C_LANGUAGE_STANDARD = gnu11;
				GCC_NO_COMMON_BLOCKS = YES;
				GCC_WARN_64_TO_32_BIT_CONVERSION = YES;
				GCC_WARN_ABOUT_RETURN_TYPE = YES_ERROR;
				GCC_WARN_UNDECLARED_SELECTOR = YES;
				GCC_WARN_UNINITIALIZED_AUTOS = YES_AGGRESSIVE;
				GCC_WARN_UNUSED_FUNCTION = YES;
				GCC_WARN_UNUSED_VARIABLE = YES;
				IPHONEOS_DEPLOYMENT_TARGET = 11.4;
				MTL_ENABLE_DEBUG_INFO = NO;
				SDKROOT = iphoneos;
				SWIFT_COMPILATION_MODE = wholemodule;
				SWIFT_OPTIMIZATION_LEVEL = "-O";
				VALIDATE_PRODUCT = YES;
			};
			name = Release;
		};
		BEE3EFC420C3E1F90069C487 /* Debug */ = {
			isa = XCBuildConfiguration;
			baseConfigurationReference = 9F649DC326791F76FE188E2C /* Pods-GSB.debug.xcconfig */;
			buildSettings = {
				ASSETCATALOG_COMPILER_APPICON_NAME = AppIcon;
				CODE_SIGN_STYLE = Automatic;
				INFOPLIST_FILE = GSB/Info.plist;
				LD_RUNPATH_SEARCH_PATHS = (
					"$(inherited)",
					"@executable_path/Frameworks",
				);
				PRODUCT_BUNDLE_IDENTIFIER = com.galaxyswissbourdin.GSB;
				PRODUCT_NAME = "$(TARGET_NAME)";
				SWIFT_VERSION = 4.0;
				TARGETED_DEVICE_FAMILY = "1,2";
			};
			name = Debug;
		};
		BEE3EFC520C3E1F90069C487 /* Release */ = {
			isa = XCBuildConfiguration;
			baseConfigurationReference = 6CA2229B807425F88DDD324E /* Pods-GSB.release.xcconfig */;
			buildSettings = {
				ASSETCATALOG_COMPILER_APPICON_NAME = AppIcon;
				CODE_SIGN_STYLE = Automatic;
				INFOPLIST_FILE = GSB/Info.plist;
				LD_RUNPATH_SEARCH_PATHS = (
					"$(inherited)",
					"@executable_path/Frameworks",
				);
				PRODUCT_BUNDLE_IDENTIFIER = com.galaxyswissbourdin.GSB;
				PRODUCT_NAME = "$(TARGET_NAME)";
				SWIFT_VERSION = 4.0;
				TARGETED_DEVICE_FAMILY = "1,2";
			};
			name = Release;
		};
		BEE3EFC720C3E1F90069C487 /* Debug */ = {
			isa = XCBuildConfiguration;
			baseConfigurationReference = CC25CEC75A983D1DFBCAC0E6 /* Pods-GSBTests.debug.xcconfig */;
			buildSettings = {
				ALWAYS_EMBED_SWIFT_STANDARD_LIBRARIES = YES;
				BUNDLE_LOADER = "$(TEST_HOST)";
				CODE_SIGN_STYLE = Automatic;
				INFOPLIST_FILE = GSBTests/Info.plist;
				LD_RUNPATH_SEARCH_PATHS = (
					"$(inherited)",
					"@executable_path/Frameworks",
					"@loader_path/Frameworks",
				);
				PRODUCT_BUNDLE_IDENTIFIER = com.galaxyswissbourdin.GSBTests;
				PRODUCT_NAME = "$(TARGET_NAME)";
				SWIFT_VERSION = 4.0;
				TARGETED_DEVICE_FAMILY = "1,2";
				TEST_HOST = "$(BUILT_PRODUCTS_DIR)/GSB.app/GSB";
			};
			name = Debug;
		};
		BEE3EFC820C3E1F90069C487 /* Release */ = {
			isa = XCBuildConfiguration;
			baseConfigurationReference = 7FC271F477296FBBFC246522 /* Pods-GSBTests.release.xcconfig */;
			buildSettings = {
				ALWAYS_EMBED_SWIFT_STANDARD_LIBRARIES = YES;
				BUNDLE_LOADER = "$(TEST_HOST)";
				CODE_SIGN_STYLE = Automatic;
				INFOPLIST_FILE = GSBTests/Info.plist;
				LD_RUNPATH_SEARCH_PATHS = (
					"$(inherited)",
					"@executable_path/Frameworks",
					"@loader_path/Frameworks",
				);
				PRODUCT_BUNDLE_IDENTIFIER = com.galaxyswissbourdin.GSBTests;
				PRODUCT_NAME = "$(TARGET_NAME)";
				SWIFT_VERSION = 4.0;
				TARGETED_DEVICE_FAMILY = "1,2";
				TEST_HOST = "$(BUILT_PRODUCTS_DIR)/GSB.app/GSB";
			};
			name = Release;
		};
		BEE3EFCA20C3E1F90069C487 /* Debug */ = {
			isa = XCBuildConfiguration;
			baseConfigurationReference = 105CCCD5335FD622989B37CE /* Pods-GSBUITests.debug.xcconfig */;
			buildSettings = {
				ALWAYS_EMBED_SWIFT_STANDARD_LIBRARIES = YES;
				CODE_SIGN_STYLE = Automatic;
				INFOPLIST_FILE = GSBUITests/Info.plist;
				LD_RUNPATH_SEARCH_PATHS = (
					"$(inherited)",
					"@executable_path/Frameworks",
					"@loader_path/Frameworks",
				);
				PRODUCT_BUNDLE_IDENTIFIER = com.galaxyswissbourdin.GSBUITests;
				PRODUCT_NAME = "$(TARGET_NAME)";
				SWIFT_VERSION = 4.0;
				TARGETED_DEVICE_FAMILY = "1,2";
				TEST_TARGET_NAME = GSB;
			};
			name = Debug;
		};
		BEE3EFCB20C3E1F90069C487 /* Release */ = {
			isa = XCBuildConfiguration;
			baseConfigurationReference = 3ABBF8379B78EF345873ACA0 /* Pods-GSBUITests.release.xcconfig */;
			buildSettings = {
				ALWAYS_EMBED_SWIFT_STANDARD_LIBRARIES = YES;
				CODE_SIGN_STYLE = Automatic;
				INFOPLIST_FILE = GSBUITests/Info.plist;
				LD_RUNPATH_SEARCH_PATHS = (
					"$(inherited)",
					"@executable_path/Frameworks",
					"@loader_path/Frameworks",
				);
				PRODUCT_BUNDLE_IDENTIFIER = com.galaxyswissbourdin.GSBUITests;
				PRODUCT_NAME = "$(TARGET_NAME)";
				SWIFT_VERSION = 4.0;
				TARGETED_DEVICE_FAMILY = "1,2";
				TEST_TARGET_NAME = GSB;
			};
			name = Release;
		};
/* End XCBuildConfiguration section */

/* Begin XCConfigurationList section */
		BEE3EF9320C3E1F80069C487 /* Build configuration list for PBXProject "GSB" */ = {
			isa = XCConfigurationList;
			buildConfigurations = (
				BEE3EFC120C3E1F90069C487 /* Debug */,
				BEE3EFC220C3E1F90069C487 /* Release */,
			);
			defaultConfigurationIsVisible = 0;
			defaultConfigurationName = Release;
		};
		BEE3EFC320C3E1F90069C487 /* Build configuration list for PBXNativeTarget "GSB" */ = {
			isa = XCConfigurationList;
			buildConfigurations = (
				BEE3EFC420C3E1F90069C487 /* Debug */,
				BEE3EFC520C3E1F90069C487 /* Release */,
			);
			defaultConfigurationIsVisible = 0;
			defaultConfigurationName = Release;
		};
		BEE3EFC620C3E1F90069C487 /* Build configuration list for PBXNativeTarget "GSBTests" */ = {
			isa = XCConfigurationList;
			buildConfigurations = (
				BEE3EFC720C3E1F90069C487 /* Debug */,
				BEE3EFC820C3E1F90069C487 /* Release */,
			);
			defaultConfigurationIsVisible = 0;
			defaultConfigurationName = Release;
		};
		BEE3EFC920C3E1F90069C487 /* Build configuration list for PBXNativeTarget "GSBUITests" */ = {
			isa = XCConfigurationList;
			buildConfigurations = (
				BEE3EFCA20C3E1F90069C487 /* Debug */,
				BEE3EFCB20C3E1F90069C487 /* Release */,
			);
			defaultConfigurationIsVisible = 0;
			defaultConfigurationName = Release;
		};
/* End XCConfigurationList section */

/* Begin XCVersionGroup section */
		BEE3EFA220C3E1F80069C487 /* GSB.xcdatamodeld */ = {
			isa = XCVersionGroup;
			children = (
				BEE3EFA320C3E1F80069C487 /* GSB.xcdatamodel */,
			);
			currentVersion = BEE3EFA320C3E1F80069C487 /* GSB.xcdatamodel */;
			path = GSB.xcdatamodeld;
			sourceTree = "<group>";
			versionGroupType = wrapper.xcdatamodel;
		};
/* End XCVersionGroup section */
	};
	rootObject = BEE3EF9020C3E1F80069C487 /* Project object */;
}
